
Microsoft Visual Studio Solution File, Format Version 12.00
# Visual Studio Version 17
VisualStudioVersion = 17.7.34024.191
MinimumVisualStudioVersion = 10.0.40219.1
Project("{FAE04EC0-301F-11D3-BF4B-00C04F79EFBC}") = "LoginDesign3.UWP", "LoginDesign3\LoginDesign3.UWP\LoginDesign3.UWP.csproj", "{10C97A3D-2344-4485-9AA3-E076040D7113}"
EndProject
Project("{FAE04EC0-301F-11D3-BF4B-00C04F79EFBC}") = "LoginDesign3.Android", "LoginDesign3\LoginDesign3.Android\LoginDesign3.Android.csproj", "{71CD50B1-2BC6-4952-AD26-E2EBD42924FE}"
EndProject
Project("{FAE04EC0-301F-11D3-BF4B-00C04F79EFBC}") = "LoginDesign3.iOS", "LoginDesign3\LoginDesign3.iOS\LoginDesign3.iOS.csproj", "{894FA415-A630-4A75-8CEB-7ED2C8A2F28A}"
EndProject
Project("{FAE04EC0-301F-11D3-BF4B-00C04F79EFBC}") = "LoginDesign3", "LoginDesign3\LoginDesign3\LoginDesign3.csproj", "{C4BFBDDA-C1DD-4537-8CBA-6E8956F2DEFE}"
EndProject
Global
	GlobalSection(SolutionConfigurationPlatforms) = preSolution
		Debug|Any CPU = Debug|Any CPU
		Debug|ARM = Debug|ARM
		Debug|iPhone = Debug|iPhone
		Debug|iPhoneSimulator = Debug|iPhoneSimulator
		Debug|x64 = Debug|x64
		Debug|x86 = Debug|x86
		Release|Any CPU = Release|Any CPU
		Release|ARM = Release|ARM
		Release|iPhone = Release|iPhone
		Release|iPhoneSimulator = Release|iPhoneSimulator
		Release|x64 = Release|x64
		Release|x86 = Release|x86
	EndGlobalSection
	GlobalSection(ProjectConfigurationPlatforms) = postSolution
		{10C97A3D-2344-4485-9AA3-E076040D7113}.Debug|Any CPU.ActiveCfg = Debug|x64
		{10C97A3D-2344-4485-9AA3-E076040D7113}.Debug|Any CPU.Build.0 = Debug|x64
		{10C97A3D-2344-4485-9AA3-E076040D7113}.Debug|Any CPU.Deploy.0 = Debug|x64
		{10C97A3D-2344-4485-9AA3-E076040D7113}.Debug|ARM.ActiveCfg = Debug|ARM
		{10C97A3D-2344-4485-9AA3-E076040D7113}.Debug|ARM.Build.0 = Debug|ARM
		{10C97A3D-2344-4485-9AA3-E076040D7113}.Debug|ARM.Deploy.0 = Debug|ARM
		{10C97A3D-2344-4485-9AA3-E076040D7113}.Debug|iPhone.ActiveCfg = Debug|x64
		{10C97A3D-2344-4485-9AA3-E076040D7113}.Debug|iPhone.Build.0 = Debug|x64
		{10C97A3D-2344-4485-9AA3-E076040D7113}.Debug|iPhone.Deploy.0 = Debug|x64
		{10C97A3D-2344-4485-9AA3-E076040D7113}.Debug|iPhoneSimulator.ActiveCfg = Debug|x64
		{10C97A3D-2344-4485-9AA3-E076040D7113}.Debug|iPhoneSimulator.Build.0 = Debug|x64
		{10C97A3D-2344-4485-9AA3-E076040D7113}.Debug|iPhoneSimulator.Deploy.0 = Debug|x64
		{10C97A3D-2344-4485-9AA3-E076040D7113}.Debug|x64.ActiveCfg = Debug|x64
		{10C97A3D-2344-4485-9AA3-E076040D7113}.Debug|x64.Build.0 = Debug|x64
		{10C97A3D-2344-4485-9AA3-E076040D7113}.Debug|x64.Deploy.0 = Debug|x64
		{10C97A3D-2344-4485-9AA3-E076040D7113}.Debug|x86.ActiveCfg = Debug|x86
		{10C97A3D-2344-4485-9AA3-E076040D7113}.Debug|x86.Build.0 = Debug|x86
		{10C97A3D-2344-4485-9AA3-E076040D7113}.Debug|x86.Deploy.0 = Debug|x86
		{10C97A3D-2344-4485-9AA3-E076040D7113}.Release|Any CPU.ActiveCfg = Release|x64
		{10C97A3D-2344-4485-9AA3-E076040D7113}.Release|Any CPU.Build.0 = Release|x64
		{10C97A3D-2344-4485-9AA3-E076040D7113}.Release|Any CPU.Deploy.0 = Release|x64
		{10C97A3D-2344-4485-9AA3-E076040D7113}.Release|ARM.ActiveCfg = Release|ARM
		{10C97A3D-2344-4485-9AA3-E076040D7113}.Release|ARM.Build.0 = Release|ARM
		{10C97A3D-2344-4485-9AA3-E076040D7113}.Release|ARM.Deploy.0 = Release|ARM
		{10C97A3D-2344-4485-9AA3-E076040D7113}.Release|iPhone.ActiveCfg = Release|x64
		{10C97A3D-2344-4485-9AA3-E076040D7113}.Release|iPhone.Build.0 = Release|x64
		{10C97A3D-2344-4485-9AA3-E076040D7113}.Release|iPhone.Deploy.0 = Release|x64
		{10C97A3D-2344-4485-9AA3-E076040D7113}.Release|iPhoneSimulator.ActiveCfg = Release|x64
		{10C97A3D-2344-4485-9AA3-E076040D7113}.Release|iPhoneSimulator.Build.0 = Release|x64
		{10C97A3D-2344-4485-9AA3-E076040D7113}.Release|iPhoneSimulator.Deploy.0 = Release|x64
		{10C97A3D-2344-4485-9AA3-E076040D7113}.Release|x64.ActiveCfg = Release|x64
		{10C97A3D-2344-4485-9AA3-E076040D7113}.Release|x64.Build.0 = Release|x64
		{10C97A3D-2344-4485-9AA3-E076040D7113}.Release|x64.Deploy.0 = Release|x64
		{10C97A3D-2344-4485-9AA3-E076040D7113}.Release|x86.ActiveCfg = Release|x86
		{10C97A3D-2344-4485-9AA3-E076040D7113}.Release|x86.Build.0 = Release|x86
		{10C97A3D-2344-4485-9AA3-E076040D7113}.Release|x86.Deploy.0 = Release|x86
		{71CD50B1-2BC6-4952-AD26-E2EBD42924FE}.Debug|Any CPU.ActiveCfg = Debug|Any CPU
		{71CD50B1-2BC6-4952-AD26-E2EBD42924FE}.Debug|Any CPU.Build.0 = Debug|Any CPU
		{71CD50B1-2BC6-4952-AD26-E2EBD42924FE}.Debug|Any CPU.Deploy.0 = Debug|Any CPU
		{71CD50B1-2BC6-4952-AD26-E2EBD42924FE}.Debug|ARM.ActiveCfg = Debug|Any CPU
		{71CD50B1-2BC6-4952-AD26-E2EBD42924FE}.Debug|ARM.Build.0 = Debug|Any CPU
		{71CD50B1-2BC6-4952-AD26-E2EBD42924FE}.Debug|ARM.Deploy.0 = Debug|Any CPU
		{71CD50B1-2BC6-4952-AD26-E2EBD42924FE}.Debug|iPhone.ActiveCfg = Debug|Any CPU
		{71CD50B1-2BC6-4952-AD26-E2EBD42924FE}.Debug|iPhone.Build.0 = Debug|Any CPU
		{71CD50B1-2BC6-4952-AD26-E2EBD42924FE}.Debug|iPhone.Deploy.0 = Debug|Any CPU
		{71CD50B1-2BC6-4952-AD26-E2EBD42924FE}.Debug|iPhoneSimulator.ActiveCfg = Debug|Any CPU
		{71CD50B1-2BC6-4952-AD26-E2EBD42924FE}.Debug|iPhoneSimulator.Build.0 = Debug|Any CPU
		{71CD50B1-2BC6-4952-AD26-E2EBD42924FE}.Debug|iPhoneSimulator.Deploy.0 = Debug|Any CPU
		{71CD50B1-2BC6-4952-AD26-E2EBD42924FE}.Debug|x64.ActiveCfg = Debug|Any CPU
		{71CD50B1-2BC6-4952-AD26-E2EBD42924FE}.Debug|x64.Build.0 = Debug|Any CPU
		{71CD50B1-2BC6-4952-AD26-E2EBD42924FE}.Debug|x64.Deploy.0 = Debug|Any CPU
		{71CD50B1-2BC6-4952-AD26-E2EBD42924FE}.Debug|x86.ActiveCfg = Debug|Any CPU
		{71CD50B1-2BC6-4952-AD26-E2EBD42924FE}.Debug|x86.Build.0 = Debug|Any CPU
		{71CD50B1-2BC6-4952-AD26-E2EBD42924FE}.Debug|x86.Deploy.0 = Debug|Any CPU
		{71CD50B1-2BC6-4952-AD26-E2EBD42924FE}.Release|Any CPU.ActiveCfg = Release|Any CPU
		{71CD50B1-2BC6-4952-AD26-E2EBD42924FE}.Release|Any CPU.Build.0 = Release|Any CPU
		{71CD50B1-2BC6-4952-AD26-E2EBD42924FE}.Release|Any CPU.Deploy.0 = Release|Any CPU
		{71CD50B1-2BC6-4952-AD26-E2EBD42924FE}.Release|ARM.ActiveCfg = Release|Any CPU
		{71CD50B1-2BC6-4952-AD26-E2EBD42924FE}.Release|ARM.Build.0 = Release|Any CPU
		{71CD50B1-2BC6-4952-AD26-E2EBD42924FE}.Release|ARM.Deploy.0 = Release|Any CPU
		{71CD50B1-2BC6-4952-AD26-E2EBD42924FE}.Release|iPhone.ActiveCfg = Release|Any CPU
		{71CD50B1-2BC6-4952-AD26-E2EBD42924FE}.Release|iPhone.Build.0 = Release|Any CPU
		{71CD50B1-2BC6-4952-AD26-E2EBD42924FE}.Release|iPhone.Deploy.0 = Release|Any CPU
		{71CD50B1-2BC6-4952-AD26-E2EBD42924FE}.Release|iPhoneSimulator.ActiveCfg = Release|Any CPU
		{71CD50B1-2BC6-4952-AD26-E2EBD42924FE}.Release|iPhoneSimulator.Build.0 = Release|Any CPU
		{71CD50B1-2BC6-4952-AD26-E2EBD42924FE}.Release|iPhoneSimulator.Deploy.0 = Release|Any CPU
		{71CD50B1-2BC6-4952-AD26-E2EBD42924FE}.Release|x64.ActiveCfg = Release|Any CPU
		{71CD50B1-2BC6-4952-AD26-E2EBD42924FE}.Release|x64.Build.0 = Release|Any CPU
		{71CD50B1-2BC6-4952-AD26-E2EBD42924FE}.Release|x64.Deploy.0 = Release|Any CPU
		{71CD50B1-2BC6-4952-AD26-E2EBD42924FE}.Release|x86.ActiveCfg = Release|Any CPU
		{71CD50B1-2BC6-4952-AD26-E2EBD42924FE}.Release|x86.Build.0 = Release|Any CPU
		{71CD50B1-2BC6-4952-AD26-E2EBD42924FE}.Release|x86.Deploy.0 = Release|Any CPU
		{894FA415-A630-4A75-8CEB-7ED2C8A2F28A}.Debug|Any CPU.ActiveCfg = Debug|iPhoneSimulator
		{894FA415-A630-4A75-8CEB-7ED2C8A2F28A}.Debug|Any CPU.Build.0 = Debug|iPhoneSimulator
		{894FA415-A630-4A75-8CEB-7ED2C8A2F28A}.Debug|Any CPU.Deploy.0 = Debug|iPhoneSimulator
		{894FA415-A630-4A75-8CEB-7ED2C8A2F28A}.Debug|ARM.ActiveCfg = Debug|iPhoneSimulator
		{894FA415-A630-4A75-8CEB-7ED2C8A2F28A}.Debug|ARM.Build.0 = Debug|iPhoneSimulator
		{894FA415-A630-4A75-8CEB-7ED2C8A2F28A}.Debug|ARM.Deploy.0 = Debug|iPhoneSimulator
		{894FA415-A630-4A75-8CEB-7ED2C8A2F28A}.Debug|iPhone.ActiveCfg = Debug|iPhone
		{894FA415-A630-4A75-8CEB-7ED2C8A2F28A}.Debug|iPhone.Build.0 = Debug|iPhone
		{894FA415-A630-4A75-8CEB-7ED2C8A2F28A}.Debug|iPhone.Deploy.0 = Debug|iPhone
		{894FA415-A630-4A75-8CEB-7ED2C8A2F28A}.Debug|iPhoneSimulator.ActiveCfg = Debug|iPhoneSimulator
		{894FA415-A630-4A75-8CEB-7ED2C8A2F28A}.Debug|iPhoneSimulator.Build.0 = Debug|iPhoneSimulator
		{894FA415-A630-4A75-8CEB-7ED2C8A2F28A}.Debug|iPhoneSimulator.Deploy.0 = Debug|iPhoneSimulator
		{894FA415-A630-4A75-8CEB-7ED2C8A2F28A}.Debug|x64.ActiveCfg = Debug|iPhone
		{894FA415-A630-4A75-8CEB-7ED2C8A2F28A}.Debug|x64.Build.0 = Debug|iPhone
		{894FA415-A630-4A75-8CEB-7ED2C8A2F28A}.Debug|x64.Deploy.0 = Debug|iPhone
		{894FA415-A630-4A75-8CEB-7ED2C8A2F28A}.Debug|x86.ActiveCfg = Debug|iPhoneSimulator
		{894FA415-A630-4A75-8CEB-7ED2C8A2F28A}.Debug|x86.Build.0 = Debug|iPhoneSimulator
		{894FA415-A630-4A75-8CEB-7ED2C8A2F28A}.Debug|x86.Deploy.0 = Debug|iPhoneSimulator
		{894FA415-A630-4A75-8CEB-7ED2C8A2F28A}.Release|Any CPU.ActiveCfg = Release|iPhoneSimulator
		{894FA415-A630-4A75-8CEB-7ED2C8A2F28A}.Release|Any CPU.Build.0 = Release|iPhoneSimulator
		{894FA415-A630-4A75-8CEB-7ED2C8A2F28A}.Release|Any CPU.Deploy.0 = Release|iPhoneSimulator
		{894FA415-A630-4A75-8CEB-7ED2C8A2F28A}.Release|ARM.ActiveCfg = Release|iPhoneSimulator
		{894FA415-A630-4A75-8CEB-7ED2C8A2F28A}.Release|ARM.Build.0 = Release|iPhoneSimulator
		{894FA415-A630-4A75-8CEB-7ED2C8A2F28A}.Release|ARM.Deploy.0 = Release|iPhoneSimulator
		{894FA415-A630-4A75-8CEB-7ED2C8A2F28A}.Release|iPhone.ActiveCfg = Release|iPhone
		{894FA415-A630-4A75-8CEB-7ED2C8A2F28A}.Release|iPhone.Build.0 = Release|iPhone
		{894FA415-A630-4A75-8CEB-7ED2C8A2F28A}.Release|iPhone.Deploy.0 = Release|iPhone
		{894FA415-A630-4A75-8CEB-7ED2C8A2F28A}.Release|iPhoneSimulator.ActiveCfg = Release|iPhoneSimulator
		{894FA415-A630-4A75-8CEB-7ED2C8A2F28A}.Release|iPhoneSimulator.Build.0 = Release|iPhoneSimulator
		{894FA415-A630-4A75-8CEB-7ED2C8A2F28A}.Release|iPhoneSimulator.Deploy.0 = Release|iPhoneSimulator
		{894FA415-A630-4A75-8CEB-7ED2C8A2F28A}.Release|x64.ActiveCfg = Release|iPhoneSimulator
		{894FA415-A630-4A75-8CEB-7ED2C8A2F28A}.Release|x64.Build.0 = Release|iPhoneSimulator
		{894FA415-A630-4A75-8CEB-7ED2C8A2F28A}.Release|x64.Deploy.0 = Release|iPhoneSimulator
		{894FA415-A630-4A75-8CEB-7ED2C8A2F28A}.Release|x86.ActiveCfg = Release|iPhoneSimulator
		{894FA415-A630-4A75-8CEB-7ED2C8A2F28A}.Release|x86.Build.0 = Release|iPhoneSimulator
		{894FA415-A630-4A75-8CEB-7ED2C8A2F28A}.Release|x86.Deploy.0 = Release|iPhoneSimulator
		{C4BFBDDA-C1DD-4537-8CBA-6E8956F2DEFE}.Debug|Any CPU.ActiveCfg = Debug|Any CPU
		{C4BFBDDA-C1DD-4537-8CBA-6E8956F2DEFE}.Debug|Any CPU.Build.0 = Debug|Any CPU
		{C4BFBDDA-C1DD-4537-8CBA-6E8956F2DEFE}.Debug|Any CPU.Deploy.0 = Debug|Any CPU
		{C4BFBDDA-C1DD-4537-8CBA-6E8956F2DEFE}.Debug|ARM.ActiveCfg = Debug|Any CPU
		{C4BFBDDA-C1DD-4537-8CBA-6E8956F2DEFE}.Debug|ARM.Build.0 = Debug|Any CPU
		{C4BFBDDA-C1DD-4537-8CBA-6E8956F2DEFE}.Debug|ARM.Deploy.0 = Debug|Any CPU
		{C4BFBDDA-C1DD-4537-8CBA-6E8956F2DEFE}.Debug|iPhone.ActiveCfg = Debug|Any CPU
		{C4BFBDDA-C1DD-4537-8CBA-6E8956F2DEFE}.Debug|iPhone.Build.0 = Debug|Any CPU
		{C4BFBDDA-C1DD-4537-8CBA-6E8956F2DEFE}.Debug|iPhone.Deploy.0 = Debug|Any CPU
		{C4BFBDDA-C1DD-4537-8CBA-6E8956F2DEFE}.Debug|iPhoneSimulator.ActiveCfg = Debug|Any CPU
		{C4BFBDDA-C1DD-4537-8CBA-6E8956F2DEFE}.Debug|iPhoneSimulator.Build.0 = Debug|Any CPU
		{C4BFBDDA-C1DD-4537-8CBA-6E8956F2DEFE}.Debug|iPhoneSimulator.Deploy.0 = Debug|Any CPU
		{C4BFBDDA-C1DD-4537-8CBA-6E8956F2DEFE}.Debug|x64.ActiveCfg = Debug|Any CPU
		{C4BFBDDA-C1DD-4537-8CBA-6E8956F2DEFE}.Debug|x64.Build.0 = Debug|Any CPU
		{C4BFBDDA-C1DD-4537-8CBA-6E8956F2DEFE}.Debug|x64.Deploy.0 = Debug|Any CPU
		{C4BFBDDA-C1DD-4537-8CBA-6E8956F2DEFE}.Debug|x86.ActiveCfg = Debug|Any CPU
		{C4BFBDDA-C1DD-4537-8CBA-6E8956F2DEFE}.Debug|x86.Build.0 = Debug|Any CPU
		{C4BFBDDA-C1DD-4537-8CBA-6E8956F2DEFE}.Debug|x86.Deploy.0 = Debug|Any CPU
		{C4BFBDDA-C1DD-4537-8CBA-6E8956F2DEFE}.Release|Any CPU.ActiveCfg = Release|Any CPU
		{C4BFBDDA-C1DD-4537-8CBA-6E8956F2DEFE}.Release|Any CPU.Build.0 = Release|Any CPU
		{C4BFBDDA-C1DD-4537-8CBA-6E8956F2DEFE}.Release|Any CPU.Deploy.0 = Release|Any CPU
		{C4BFBDDA-C1DD-4537-8CBA-6E8956F2DEFE}.Release|ARM.ActiveCfg = Release|Any CPU
		{C4BFBDDA-C1DD-4537-8CBA-6E8956F2DEFE}.Release|ARM.Build.0 = Release|Any CPU
		{C4BFBDDA-C1DD-4537-8CBA-6E8956F2DEFE}.Release|ARM.Deploy.0 = Release|Any CPU
		{C4BFBDDA-C1DD-4537-8CBA-6E8956F2DEFE}.Release|iPhone.ActiveCfg = Release|Any CPU
		{C4BFBDDA-C1DD-4537-8CBA-6E8956F2DEFE}.Release|iPhone.Build.0 = Release|Any CPU
		{C4BFBDDA-C1DD-4537-8CBA-6E8956F2DEFE}.Release|iPhone.Deploy.0 = Release|Any CPU
		{C4BFBDDA-C1DD-4537-8CBA-6E8956F2DEFE}.Release|iPhoneSimulator.ActiveCfg = Release|Any CPU
		{C4BFBDDA-C1DD-4537-8CBA-6E8956F2DEFE}.Release|iPhoneSimulator.Build.0 = Release|Any CPU
		{C4BFBDDA-C1DD-4537-8CBA-6E8956F2DEFE}.Release|iPhoneSimulator.Deploy.0 = Release|Any CPU
		{C4BFBDDA-C1DD-4537-8CBA-6E8956F2DEFE}.Release|x64.ActiveCfg = Release|Any CPU
		{C4BFBDDA-C1DD-4537-8CBA-6E8956F2DEFE}.Release|x64.Build.0 = Release|Any CPU
		{C4BFBDDA-C1DD-4537-8CBA-6E8956F2DEFE}.Release|x64.Deploy.0 = Release|Any CPU
		{C4BFBDDA-C1DD-4537-8CBA-6E8956F2DEFE}.Release|x86.ActiveCfg = Release|Any CPU
		{C4BFBDDA-C1DD-4537-8CBA-6E8956F2DEFE}.Release|x86.Build.0 = Release|Any CPU
		{C4BFBDDA-C1DD-4537-8CBA-6E8956F2DEFE}.Release|x86.Deploy.0 = Release|Any CPU
	EndGlobalSection
	GlobalSection(SolutionProperties) = preSolution
		HideSolutionNode = FALSE
	EndGlobalSection
	GlobalSection(ExtensibilityGlobals) = postSolution
		SolutionGuid = {769C6438-8E60-4B63-9C9D-B087F2C62E67}
	EndGlobalSection
EndGlobal
